{
  "name": "tracktdb",
  "version": "1.0.0",
  "lockfileVersion": 3,
  "requires": true,
  "packages": {
    "": {
      "name": "tracktdb",
      "version": "1.0.0",
      "license": "ISC",
      "dependencies": {
        "speckit-mcp-x": "^3.2.5"
      }
    },
    "node_modules/speckit-mcp-x": {
      "version": "3.2.5",
      "resolved": "https://registry.npmjs.org/speckit-mcp-x/-/speckit-mcp-x-3.2.5.tgz",
      "integrity": "sha512-y5uzeH1wY3Pbz2zBCGFD1jwrubOPoj2C6NZVA5v9zmZ7aDs0kPkjWHytT/sBOabv2s0LbHh4DONESyap3Hu0YQ==",
      "license": "MIT",
      "os": [
        "darwin",
        "linux",
        "win32"
      ],
      "bin": {
        "speckit-mcp-x": "bin/speckit-mcp-x.js"
      },
      "engines": {
        "node": ">=14.0.0",
        "npm": ">=6.0.0"
      }
    }
  }
}
